
Microsoft Visual Studio Solution File, Format Version 12.00
# Visual Studio 15
VisualStudioVersion = 15.0.28307.271
MinimumVisualStudioVersion = 10.0.40219.1
Project("{FAE04EC0-301F-11D3-BF4B-00C04F79EFBC}") = "FileBrowser", "FileBrowser\FileBrowser.csproj", "{267D88D3-96E2-4EA3-9A1B-DA1D4050CC4D}"
EndProject
Global
	GlobalSection(SolutionConfigurationPlatforms) = preSolution
		Debug|Any CPU = Debug|Any CPU
		Release|Any CPU = Release|Any CPU
	EndGlobalSection
	GlobalSection(ProjectConfigurationPlatforms) = postSolution
		{267D88D3-96E2-4EA3-9A1B-DA1D4050CC4D}.Debug|Any CPU.ActiveCfg = Debug|Any CPU
		{267D88D3-96E2-4EA3-9A1B-DA1D4050CC4D}.Debug|Any CPU.Build.0 = Debug|Any CPU
		{267D88D3-96E2-4EA3-9A1B-DA1D4050CC4D}.Release|Any CPU.ActiveCfg = Release|Any CPU
		{267D88D3-96E2-4EA3-9A1B-DA1D4050CC4D}.Release|Any CPU.Build.0 = Release|Any CPU
	EndGlobalSection
	GlobalSection(SolutionProperties) = preSolution
		HideSolutionNode = FALSE
	EndGlobalSection
	GlobalSection(ExtensibilityGlobals) = postSolution
		SolutionGuid = {D621C6D1-5F92-4421-8A57-E45826D98355}
	EndGlobalSection
EndGlobal
