
Microsoft Visual Studio Solution File, Format Version 12.00
# Visual Studio Version 16
VisualStudioVersion = 16.0.30523.141
MinimumVisualStudioVersion = 10.0.40219.1
Project("{FAE04EC0-301F-11D3-BF4B-00C04F79EFBC}") = "StuManageSys", "StuManageSys\StuManageSys.csproj", "{9330086C-D177-4375-845A-9DC063C53EED}"
EndProject
Global
	GlobalSection(SolutionConfigurationPlatforms) = preSolution
		Debug|Any CPU = Debug|Any CPU
		Release|Any CPU = Release|Any CPU
	EndGlobalSection
	GlobalSection(ProjectConfigurationPlatforms) = postSolution
		{9330086C-D177-4375-845A-9DC063C53EED}.Debug|Any CPU.ActiveCfg = Debug|Any CPU
		{9330086C-D177-4375-845A-9DC063C53EED}.Debug|Any CPU.Build.0 = Debug|Any CPU
		{9330086C-D177-4375-845A-9DC063C53EED}.Release|Any CPU.ActiveCfg = Release|Any CPU
		{9330086C-D177-4375-845A-9DC063C53EED}.Release|Any CPU.Build.0 = Release|Any CPU
	EndGlobalSection
	GlobalSection(SolutionProperties) = preSolution
		HideSolutionNode = FALSE
	EndGlobalSection
	GlobalSection(ExtensibilityGlobals) = postSolution
		SolutionGuid = {504C29CD-8D15-4510-9FE1-F718BE5DA552}
	EndGlobalSection
EndGlobal
