
Microsoft Visual Studio Solution File, Format Version 12.00
# Visual Studio Version 16
VisualStudioVersion = 16.0.30611.23
MinimumVisualStudioVersion = 10.0.40219.1
Project("{FAE04EC0-301F-11D3-BF4B-00C04F79EFBC}") = "LibrarySystem", "LibrarySystem.csproj", "{433D19FE-5218-4554-83AC-69997936FEEF}"
EndProject
Global
	GlobalSection(SolutionConfigurationPlatforms) = preSolution
		Debug|Any CPU = Debug|Any CPU
		Release|Any CPU = Release|Any CPU
	EndGlobalSection
	GlobalSection(ProjectConfigurationPlatforms) = postSolution
		{433D19FE-5218-4554-83AC-69997936FEEF}.Debug|Any CPU.ActiveCfg = Debug|Any CPU
		{433D19FE-5218-4554-83AC-69997936FEEF}.Debug|Any CPU.Build.0 = Debug|Any CPU
		{433D19FE-5218-4554-83AC-69997936FEEF}.Release|Any CPU.ActiveCfg = Release|Any CPU
		{433D19FE-5218-4554-83AC-69997936FEEF}.Release|Any CPU.Build.0 = Release|Any CPU
	EndGlobalSection
	GlobalSection(SolutionProperties) = preSolution
		HideSolutionNode = FALSE
	EndGlobalSection
	GlobalSection(ExtensibilityGlobals) = postSolution
		SolutionGuid = {70297191-88AB-4589-98AA-308858DE8EB4}
	EndGlobalSection
EndGlobal
